// !$*UTF8*$!
{
	archiveVersion = 1;
	classes = {
	};
	objectVersion = 56;
	objects = {

/* Begin PBXBuildFile section */
		FB9E911C2C6B9510007C55F9 /* Day12_FormsApp.swift in Sources */ = {isa = PBXBuildFile; fileRef = FB9E911B2C6B9510007C55F9 /* Day12_FormsApp.swift */; };
		FB9E911E2C6B9510007C55F9 /* ContentView.swift in Sources */ = {isa = PBXBuildFile; fileRef = FB9E911D2C6B9510007C55F9 /* ContentView.swift */; };
		FB9E91202C6B9513007C55F9 /* Assets.xcassets in Resources */ = {isa = PBXBuildFile; fileRef = FB9E911F2C6B9513007C55F9 /* Assets.xcassets */; };
		FB9E91232C6B9513007C55F9 /* Preview Assets.xcassets in Resources */ = {isa = PBXBuildFile; fileRef = FB9E91222C6B9513007C55F9 /* Preview Assets.xcassets */; };
		FB9E912A2C6B95FA007C55F9 /* Course.swift in Sources */ = {isa = PBXBuildFile; fileRef = FB9E91292C6B95FA007C55F9 /* Course.swift */; };
		FB9E912C2C6B9636007C55F9 /* CourseDetailView.swift in Sources */ = {isa = PBXBuildFile; fileRef = FB9E912B2C6B9636007C55F9 /* CourseDetailView.swift */; };
		FB9E912E2C6BA442007C55F9 /* SettingsView.swift in Sources */ = {isa = PBXBuildFile; fileRef = FB9E912D2C6BA442007C55F9 /* SettingsView.swift */; };
		FB9E91302C6BDA37007C55F9 /* SettingsFactory.swift in Sources */ = {isa = PBXBuildFile; fileRef = FB9E912F2C6BDA37007C55F9 /* SettingsFactory.swift */; };
/* End PBXBuildFile section */

/* Begin PBXFileReference section */
		FB9E91182C6B9510007C55F9 /* Day12-Forms.app */ = {isa = PBXFileReference; explicitFileType = wrapper.application; includeInIndex = 0; path = "Day12-Forms.app"; sourceTree = BUILT_PRODUCTS_DIR; };
		FB9E911B2C6B9510007C55F9 /* Day12_FormsApp.swift */ = {isa = PBXFileReference; lastKnownFileType = sourcecode.swift; path = Day12_FormsApp.swift; sourceTree = "<group>"; };
		FB9E911D2C6B9510007C55F9 /* ContentView.swift */ = {isa = PBXFileReference; lastKnownFileType = sourcecode.swift; path = ContentView.swift; sourceTree = "<group>"; };
		FB9E911F2C6B9513007C55F9 /* Assets.xcassets */ = {isa = PBXFileReference; lastKnownFileType = folder.assetcatalog; path = Assets.xcassets; sourceTree = "<group>"; };
		FB9E91222C6B9513007C55F9 /* Preview Assets.xcassets */ = {isa = PBXFileReference; lastKnownFileType = folder.assetcatalog; path = "Preview Assets.xcassets"; sourceTree = "<group>"; };
		FB9E91292C6B95FA007C55F9 /* Course.swift */ = {isa = PBXFileReference; fileEncoding = 4; lastKnownFileType = sourcecode.swift; path = Course.swift; sourceTree = "<group>"; };
		FB9E912B2C6B9636007C55F9 /* CourseDetailView.swift */ = {isa = PBXFileReference; fileEncoding = 4; lastKnownFileType = sourcecode.swift; path = CourseDetailView.swift; sourceTree = "<group>"; };
		FB9E912D2C6BA442007C55F9 /* SettingsView.swift */ = {isa = PBXFileReference; lastKnownFileType = sourcecode.swift; path = SettingsView.swift; sourceTree = "<group>"; };
		FB9E912F2C6BDA37007C55F9 /* SettingsFactory.swift */ = {isa = PBXFileReference; lastKnownFileType = sourcecode.swift; path = SettingsFactory.swift; sourceTree = "<group>"; };
/* End PBXFileReference section */

/* Begin PBXFrameworksBuildPhase section */
		FB9E91152C6B9510007C55F9 /* Frameworks */ = {
			isa = PBXFrameworksBuildPhase;
			buildActionMask = 2147483647;
			files = (
			);
			runOnlyForDeploymentPostprocessing = 0;
		};
/* End PBXFrameworksBuildPhase section */

/* Begin PBXGroup section */
		FB9E910F2C6B9510007C55F9 = {
			isa = PBXGroup;
			children = (
				FB9E911A2C6B9510007C55F9 /* Day12-Forms */,
				FB9E91192C6B9510007C55F9 /* Products */,
			);
			sourceTree = "<group>";
		};
		FB9E91192C6B9510007C55F9 /* Products */ = {
			isa = PBXGroup;
			children = (
				FB9E91182C6B9510007C55F9 /* Day12-Forms.app */,
			);
			name = Products;
			sourceTree = "<group>";
		};
		FB9E911A2C6B9510007C55F9 /* Day12-Forms */ = {
			isa = PBXGroup;
			children = (
				FB9E911B2C6B9510007C55F9 /* Day12_FormsApp.swift */,
				FB9E911D2C6B9510007C55F9 /* ContentView.swift */,
				FB9E91292C6B95FA007C55F9 /* Course.swift */,
				FB9E912B2C6B9636007C55F9 /* CourseDetailView.swift */,
				FB9E912D2C6BA442007C55F9 /* SettingsView.swift */,
				FB9E911F2C6B9513007C55F9 /* Assets.xcassets */,
				FB9E91212C6B9513007C55F9 /* Preview Content */,
				FB9E912F2C6BDA37007C55F9 /* SettingsFactory.swift */,
			);
			path = "Day12-Forms";
			sourceTree = "<group>";
		};
		FB9E91212C6B9513007C55F9 /* Preview Content */ = {
			isa = PBXGroup;
			children = (
				FB9E91222C6B9513007C55F9 /* Preview Assets.xcassets */,
			);
			path = "Preview Content";
			sourceTree = "<group>";
		};
/* End PBXGroup section */

/* Begin PBXNativeTarget section */
		FB9E91172C6B9510007C55F9 /* Day12-Forms */ = {
			isa = PBXNativeTarget;
			buildConfigurationList = FB9E91262C6B9513007C55F9 /* Build configuration list for PBXNativeTarget "Day12-Forms" */;
			buildPhases = (
				FB9E91142C6B9510007C55F9 /* Sources */,
				FB9E91152C6B9510007C55F9 /* Frameworks */,
				FB9E91162C6B9510007C55F9 /* Resources */,
			);
			buildRules = (
			);
			dependencies = (
			);
			name = "Day12-Forms";
			productName = "Day12-Forms";
			productReference = FB9E91182C6B9510007C55F9 /* Day12-Forms.app */;
			productType = "com.apple.product-type.application";
		};
/* End PBXNativeTarget section */

/* Begin PBXProject section */
		FB9E91102C6B9510007C55F9 /* Project object */ = {
			isa = PBXProject;
			attributes = {
				BuildIndependentTargetsInParallel = 1;
				LastSwiftUpdateCheck = 1540;
				LastUpgradeCheck = 1540;
				TargetAttributes = {
					FB9E91172C6B9510007C55F9 = {
						CreatedOnToolsVersion = 15.4;
					};
				};
			};
			buildConfigurationList = FB9E91132C6B9510007C55F9 /* Build configuration list for PBXProject "Day12-Forms" */;
			compatibilityVersion = "Xcode 14.0";
			developmentRegion = en;
			hasScannedForEncodings = 0;
			knownRegions = (
				en,
				Base,
			);
			mainGroup = FB9E910F2C6B9510007C55F9;
			productRefGroup = FB9E91192C6B9510007C55F9 /* Products */;
			projectDirPath = "";
			projectRoot = "";
			targets = (
				FB9E91172C6B9510007C55F9 /* Day12-Forms */,
			);
		};
/* End PBXProject section */

/* Begin PBXResourcesBuildPhase section */
		FB9E91162C6B9510007C55F9 /* Resources */ = {
			isa = PBXResourcesBuildPhase;
			buildActionMask = 2147483647;
			files = (
				FB9E91232C6B9513007C55F9 /* Preview Assets.xcassets in Resources */,
				FB9E91202C6B9513007C55F9 /* Assets.xcassets in Resources */,
			);
			runOnlyForDeploymentPostprocessing = 0;
		};
/* End PBXResourcesBuildPhase section */

/* Begin PBXSourcesBuildPhase section */
		FB9E91142C6B9510007C55F9 /* Sources */ = {
			isa = PBXSourcesBuildPhase;
			buildActionMask = 2147483647;
			files = (
				FB9E912E2C6BA442007C55F9 /* SettingsView.swift in Sources */,
				FB9E91302C6BDA37007C55F9 /* SettingsFactory.swift in Sources */,
				FB9E912C2C6B9636007C55F9 /* CourseDetailView.swift in Sources */,
				FB9E912A2C6B95FA007C55F9 /* Course.swift in Sources */,
				FB9E911E2C6B9510007C55F9 /* ContentView.swift in Sources */,
				FB9E911C2C6B9510007C55F9 /* Day12_FormsApp.swift in Sources */,
			);
			runOnlyForDeploymentPostprocessing = 0;
		};
/* End PBXSourcesBuildPhase section */

/* Begin XCBuildConfiguration section */
		FB9E91242C6B9513007C55F9 /* Debug */ = {
			isa = XCBuildConfiguration;
			buildSettings = {
				ALWAYS_SEARCH_USER_PATHS = NO;
				ASSETCATALOG_COMPILER_GENERATE_SWIFT_ASSET_SYMBOL_EXTENSIONS = YES;
				CLANG_ANALYZER_NONNULL = YES;
				CLANG_ANALYZER_NUMBER_OBJECT_CONVERSION = YES_AGGRESSIVE;
				CLANG_CXX_LANGUAGE_STANDARD = "gnu++20";
				CLANG_ENABLE_MODULES = YES;
				CLANG_ENABLE_OBJC_ARC = YES;
				CLANG_ENABLE_OBJC_WEAK = YES;
				CLANG_WARN_BLOCK_CAPTURE_AUTORELEASING = YES;
				CLANG_WARN_BOOL_CONVERSION = YES;
				CLANG_WARN_COMMA = YES;
				CLANG_WARN_CONSTANT_CONVERSION = YES;
				CLANG_WARN_DEPRECATED_OBJC_IMPLEMENTATIONS = YES;
				CLANG_WARN_DIRECT_OBJC_ISA_USAGE = YES_ERROR;
				CLANG_WARN_DOCUMENTATION_COMMENTS = YES;
				CLANG_WARN_EMPTY_BODY = YES;
				CLANG_WARN_ENUM_CONVERSION = YES;
				CLANG_WARN_INFINITE_RECURSION = YES;
				CLANG_WARN_INT_CONVERSION = YES;
				CLANG_WARN_NON_LITERAL_NULL_CONVERSION = YES;
				CLANG_WARN_OBJC_IMPLICIT_RETAIN_SELF = YES;
				CLANG_WARN_OBJC_LITERAL_CONVERSION = YES;
				CLANG_WARN_OBJC_ROOT_CLASS = YES_ERROR;
				CLANG_WARN_QUOTED_INCLUDE_IN_FRAMEWORK_HEADER = YES;
				CLANG_WARN_RANGE_LOOP_ANALYSIS = YES;
				CLANG_WARN_STRICT_PROTOTYPES = YES;
				CLANG_WARN_SUSPICIOUS_MOVE = YES;
				CLANG_WARN_UNGUARDED_AVAILABILITY = YES_AGGRESSIVE;
				CLANG_WARN_UNREACHABLE_CODE = YES;
				CLANG_WARN__DUPLICATE_METHOD_MATCH = YES;
				COPY_PHASE_STRIP = NO;
				DEBUG_INFORMATION_FORMAT = dwarf;
				ENABLE_STRICT_OBJC_MSGSEND = YES;
				ENABLE_TESTABILITY = YES;
				ENABLE_USER_SCRIPT_SANDBOXING = YES;
				GCC_C_LANGUAGE_STANDARD = gnu17;
				GCC_DYNAMIC_NO_PIC = NO;
				GCC_NO_COMMON_BLOCKS = YES;
				GCC_OPTIMIZATION_LEVEL = 0;
				GCC_PREPROCESSOR_DEFINITIONS = (
					"DEBUG=1",
					"$(inherited)",
				);
				GCC_WARN_64_TO_32_BIT_CONVERSION = YES;
				GCC_WARN_ABOUT_RETURN_TYPE = YES_ERROR;
				GCC_WARN_UNDECLARED_SELECTOR = YES;
				GCC_WARN_UNINITIALIZED_AUTOS = YES_AGGRESSIVE;
				GCC_WARN_UNUSED_FUNCTION = YES;
				GCC_WARN_UNUSED_VARIABLE = YES;
				IPHONEOS_DEPLOYMENT_TARGET = 17.5;
				LOCALIZATION_PREFERS_STRING_CATALOGS = YES;
				MTL_ENABLE_DEBUG_INFO = INCLUDE_SOURCE;
				MTL_FAST_MATH = YES;
				ONLY_ACTIVE_ARCH = YES;
				SDKROOT = iphoneos;
				SWIFT_ACTIVE_COMPILATION_CONDITIONS = "DEBUG $(inherited)";
				SWIFT_OPTIMIZATION_LEVEL = "-Onone";
			};
			name = Debug;
		};
		FB9E91252C6B9513007C55F9 /* Release */ = {
			isa = XCBuildConfiguration;
			buildSettings = {
				ALWAYS_SEARCH_USER_PATHS = NO;
				ASSETCATALOG_COMPILER_GENERATE_SWIFT_ASSET_SYMBOL_EXTENSIONS = YES;
				CLANG_ANALYZER_NONNULL = YES;
				CLANG_ANALYZER_NUMBER_OBJECT_CONVERSION = YES_AGGRESSIVE;
				CLANG_CXX_LANGUAGE_STANDARD = "gnu++20";
				CLANG_ENABLE_MODULES = YES;
				CLANG_ENABLE_OBJC_ARC = YES;
				CLANG_ENABLE_OBJC_WEAK = YES;
				CLANG_WARN_BLOCK_CAPTURE_AUTORELEASING = YES;
				CLANG_WARN_BOOL_CONVERSION = YES;
				CLANG_WARN_COMMA = YES;
				CLANG_WARN_CONSTANT_CONVERSION = YES;
				CLANG_WARN_DEPRECATED_OBJC_IMPLEMENTATIONS = YES;
				CLANG_WARN_DIRECT_OBJC_ISA_USAGE = YES_ERROR;
				CLANG_WARN_DOCUMENTATION_COMMENTS = YES;
				CLANG_WARN_EMPTY_BODY = YES;
				CLANG_WARN_ENUM_CONVERSION = YES;
				CLANG_WARN_INFINITE_RECURSION = YES;
				CLANG_WARN_INT_CONVERSION = YES;
				CLANG_WARN_NON_LITERAL_NULL_CONVERSION = YES;
				CLANG_WARN_OBJC_IMPLICIT_RETAIN_SELF = YES;
				CLANG_WARN_OBJC_LITERAL_CONVERSION = YES;
				CLANG_WARN_OBJC_ROOT_CLASS = YES_ERROR;
				CLANG_WARN_QUOTED_INCLUDE_IN_FRAMEWORK_HEADER = YES;
				CLANG_WARN_RANGE_LOOP_ANALYSIS = YES;
				CLANG_WARN_STRICT_PROTOTYPES = YES;
				CLANG_WARN_SUSPICIOUS_MOVE = YES;
				CLANG_WARN_UNGUARDED_AVAILABILITY = YES_AGGRESSIVE;
				CLANG_WARN_UNREACHABLE_CODE = YES;
				CLANG_WARN__DUPLICATE_METHOD_MATCH = YES;
				COPY_PHASE_STRIP = NO;
				DEBUG_INFORMATION_FORMAT = "dwarf-with-dsym";
				ENABLE_NS_ASSERTIONS = NO;
				ENABLE_STRICT_OBJC_MSGSEND = YES;
				ENABLE_USER_SCRIPT_SANDBOXING = YES;
				GCC_C_LANGUAGE_STANDARD = gnu17;
				GCC_NO_COMMON_BLOCKS = YES;
				GCC_WARN_64_TO_32_BIT_CONVERSION = YES;
				GCC_WARN_ABOUT_RETURN_TYPE = YES_ERROR;
				GCC_WARN_UNDECLARED_SELECTOR = YES;
				GCC_WARN_UNINITIALIZED_AUTOS = YES_AGGRESSIVE;
				GCC_WARN_UNUSED_FUNCTION = YES;
				GCC_WARN_UNUSED_VARIABLE = YES;
				IPHONEOS_DEPLOYMENT_TARGET = 17.5;
				LOCALIZATION_PREFERS_STRING_CATALOGS = YES;
				MTL_ENABLE_DEBUG_INFO = NO;
				MTL_FAST_MATH = YES;
				SDKROOT = iphoneos;
				SWIFT_COMPILATION_MODE = wholemodule;
				VALIDATE_PRODUCT = YES;
			};
			name = Release;
		};
		FB9E91272C6B9513007C55F9 /* Debug */ = {
			isa = XCBuildConfiguration;
			buildSettings = {
				ASSETCATALOG_COMPILER_APPICON_NAME = AppIcon;
				ASSETCATALOG_COMPILER_GLOBAL_ACCENT_COLOR_NAME = AccentColor;
				CODE_SIGN_STYLE = Automatic;
				CURRENT_PROJECT_VERSION = 1;
				DEVELOPMENT_ASSET_PATHS = "\"Day12-Forms/Preview Content\"";
				DEVELOPMENT_TEAM = 9V8AJZ9366;
				ENABLE_PREVIEWS = YES;
				GENERATE_INFOPLIST_FILE = YES;
				INFOPLIST_KEY_UIApplicationSceneManifest_Generation = YES;
				INFOPLIST_KEY_UIApplicationSupportsIndirectInputEvents = YES;
				INFOPLIST_KEY_UILaunchScreen_Generation = YES;
				INFOPLIST_KEY_UISupportedInterfaceOrientations_iPad = "UIInterfaceOrientationPortrait UIInterfaceOrientationPortraitUpsideDown UIInterfaceOrientationLandscapeLeft UIInterfaceOrientationLandscapeRight";
				INFOPLIST_KEY_UISupportedInterfaceOrientations_iPhone = "UIInterfaceOrientationPortrait UIInterfaceOrientationLandscapeLeft UIInterfaceOrientationLandscapeRight";
				LD_RUNPATH_SEARCH_PATHS = (
					"$(inherited)",
					"@executable_path/Frameworks",
				);
				MARKETING_VERSION = 1.0;
				PRODUCT_BUNDLE_IDENTIFIER = "BeaCardozo.Day12-Forms";
				PRODUCT_NAME = "$(TARGET_NAME)";
				SWIFT_EMIT_LOC_STRINGS = YES;
				SWIFT_VERSION = 5.0;
				TARGETED_DEVICE_FAMILY = "1,2";
			};
			name = Debug;
		};
		FB9E91282C6B9513007C55F9 /* Release */ = {
			isa = XCBuildConfiguration;
			buildSettings = {
				ASSETCATALOG_COMPILER_APPICON_NAME = AppIcon;
				ASSETCATALOG_COMPILER_GLOBAL_ACCENT_COLOR_NAME = AccentColor;
				CODE_SIGN_STYLE = Automatic;
				CURRENT_PROJECT_VERSION = 1;
				DEVELOPMENT_ASSET_PATHS = "\"Day12-Forms/Preview Content\"";
				DEVELOPMENT_TEAM = 9V8AJZ9366;
				ENABLE_PREVIEWS = YES;
				GENERATE_INFOPLIST_FILE = YES;
				INFOPLIST_KEY_UIApplicationSceneManifest_Generation = YES;
				INFOPLIST_KEY_UIApplicationSupportsIndirectInputEvents = YES;
				INFOPLIST_KEY_UILaunchScreen_Generation = YES;
				INFOPLIST_KEY_UISupportedInterfaceOrientations_iPad = "UIInterfaceOrientationPortrait UIInterfaceOrientationPortraitUpsideDown UIInterfaceOrientationLandscapeLeft UIInterfaceOrientationLandscapeRight";
				INFOPLIST_KEY_UISupportedInterfaceOrientations_iPhone = "UIInterfaceOrientationPortrait UIInterfaceOrientationLandscapeLeft UIInterfaceOrientationLandscapeRight";
				LD_RUNPATH_SEARCH_PATHS = (
					"$(inherited)",
					"@executable_path/Frameworks",
				);
				MARKETING_VERSION = 1.0;
				PRODUCT_BUNDLE_IDENTIFIER = "BeaCardozo.Day12-Forms";
				PRODUCT_NAME = "$(TARGET_NAME)";
				SWIFT_EMIT_LOC_STRINGS = YES;
				SWIFT_VERSION = 5.0;
				TARGETED_DEVICE_FAMILY = "1,2";
			};
			name = Release;
		};
/* End XCBuildConfiguration section */

/* Begin XCConfigurationList section */
		FB9E91132C6B9510007C55F9 /* Build configuration list for PBXProject "Day12-Forms" */ = {
			isa = XCConfigurationList;
			buildConfigurations = (
				FB9E91242C6B9513007C55F9 /* Debug */,
				FB9E91252C6B9513007C55F9 /* Release */,
			);
			defaultConfigurationIsVisible = 0;
			defaultConfigurationName = Release;
		};
		FB9E91262C6B9513007C55F9 /* Build configuration list for PBXNativeTarget "Day12-Forms" */ = {
			isa = XCConfigurationList;
			buildConfigurations = (
				FB9E91272C6B9513007C55F9 /* Debug */,
				FB9E91282C6B9513007C55F9 /* Release */,
			);
			defaultConfigurationIsVisible = 0;
			defaultConfigurationName = Release;
		};
/* End XCConfigurationList section */
	};
	rootObject = FB9E91102C6B9510007C55F9 /* Project object */;
}
